
Microsoft Visual Studio Solution File, Format Version 12.00
# Visual Studio Version 16
VisualStudioVersion = 16.0.30523.141
MinimumVisualStudioVersion = 10.0.40219.1
Project("{9A19103F-16F7-4668-BE54-9A1E7A4F7556}") = "ProManager.Core", "ProManager.Core\ProManager.Core.csproj", "{4114E969-E288-4C1E-B571-6D4E8D404C55}"
EndProject
Project("{FAE04EC0-301F-11D3-BF4B-00C04F79EFBC}") = "ProManager.EntityFramework", "ProManager.EntityFramework\ProManager.EntityFramework.csproj", "{D5EC1A11-E7A4-4D45-8573-2DFB4BFF0C24}"
EndProject
Global
	GlobalSection(SolutionConfigurationPlatforms) = preSolution
		Debug|Any CPU = Debug|Any CPU
		Release|Any CPU = Release|Any CPU
	EndGlobalSection
	GlobalSection(ProjectConfigurationPlatforms) = postSolution
		{4114E969-E288-4C1E-B571-6D4E8D404C55}.Debug|Any CPU.ActiveCfg = Debug|Any CPU
		{4114E969-E288-4C1E-B571-6D4E8D404C55}.Debug|Any CPU.Build.0 = Debug|Any CPU
		{4114E969-E288-4C1E-B571-6D4E8D404C55}.Release|Any CPU.ActiveCfg = Release|Any CPU
		{4114E969-E288-4C1E-B571-6D4E8D404C55}.Release|Any CPU.Build.0 = Release|Any CPU
		{D5EC1A11-E7A4-4D45-8573-2DFB4BFF0C24}.Debug|Any CPU.ActiveCfg = Debug|Any CPU
		{D5EC1A11-E7A4-4D45-8573-2DFB4BFF0C24}.Debug|Any CPU.Build.0 = Debug|Any CPU
		{D5EC1A11-E7A4-4D45-8573-2DFB4BFF0C24}.Release|Any CPU.ActiveCfg = Release|Any CPU
		{D5EC1A11-E7A4-4D45-8573-2DFB4BFF0C24}.Release|Any CPU.Build.0 = Release|Any CPU
	EndGlobalSection
	GlobalSection(SolutionProperties) = preSolution
		HideSolutionNode = FALSE
	EndGlobalSection
	GlobalSection(ExtensibilityGlobals) = postSolution
		SolutionGuid = {345E9756-2F88-4B76-B6C2-E408425D1169}
	EndGlobalSection
EndGlobal
